
Microsoft Visual Studio Solution File, Format Version 12.00
# Visual Studio 15
Project("{FAE04EC0-301F-11D3-BF4B-00C04F79EFBC}") = "UnityEngine.UI", "UnityEngine.UI.csproj", "{37B958B7-6A6B-1DAE-46D2-FD9F07AEADE3}"
EndProject
Project("{FAE04EC0-301F-11D3-BF4B-00C04F79EFBC}") = "UnityEngine.TestRunner", "UnityEngine.TestRunner.csproj", "{5D5BEAC6-6BFF-2311-8B6D-92A0B68B7568}"
EndProject
Project("{FAE04EC0-301F-11D3-BF4B-00C04F79EFBC}") = "Unity.Mathematics", "Unity.Mathematics.csproj", "{A9973777-E5E9-317A-9939-15C17431FD60}"
EndProject
Project("{FAE04EC0-301F-11D3-BF4B-00C04F79EFBC}") = "Unity.2D.Animation.Triangle.Runtime", "Unity.2D.Animation.Triangle.Runtime.csproj", "{BE8C80AD-4EC7-EABE-2931-156709D8468C}"
EndProject
Project("{FAE04EC0-301F-11D3-BF4B-00C04F79EFBC}") = "Unity.Timeline", "Unity.Timeline.csproj", "{BF6DC58B-8940-A582-EF01-3BF843846BB0}"
EndProject
Project("{FAE04EC0-301F-11D3-BF4B-00C04F79EFBC}") = "Cinemachine", "Cinemachine.csproj", "{376DF14C-EF02-9829-EBBE-011B3F7AB3FF}"
EndProject
Project("{FAE04EC0-301F-11D3-BF4B-00C04F79EFBC}") = "Unity.TextMeshPro", "Unity.TextMeshPro.csproj", "{2811319E-4204-A978-B850-A65C5A0EC3D7}"
EndProject
Project("{FAE04EC0-301F-11D3-BF4B-00C04F79EFBC}") = "Unity.2D.Animation.Runtime", "Unity.2D.Animation.Runtime.csproj", "{98BAF605-56C5-85E2-AE68-017F7F951C2D}"
EndProject
Project("{FAE04EC0-301F-11D3-BF4B-00C04F79EFBC}") = "Assembly-CSharp", "Assembly-CSharp.csproj", "{05A4E7E8-3B49-606D-5ABB-207B603E5081}"
EndProject
Project("{FAE04EC0-301F-11D3-BF4B-00C04F79EFBC}") = "Unity.2D.IK.Runtime", "Unity.2D.IK.Runtime.csproj", "{AA2B9880-E6BE-8845-BFF1-2D8C166CA1F5}"
EndProject
Project("{FAE04EC0-301F-11D3-BF4B-00C04F79EFBC}") = "Unity.2D.SpriteShape.Runtime", "Unity.2D.SpriteShape.Runtime.csproj", "{DDF2ABEB-D7DA-AD20-CF9F-281E21C90689}"
EndProject
Project("{FAE04EC0-301F-11D3-BF4B-00C04F79EFBC}") = "Unity.2D.PixelPerfect", "Unity.2D.PixelPerfect.csproj", "{9CD2F919-93C3-1311-76A6-61FC55AABC09}"
EndProject
Project("{FAE04EC0-301F-11D3-BF4B-00C04F79EFBC}") = "Unity.2D.Common.Runtime", "Unity.2D.Common.Runtime.csproj", "{42D99362-3193-A58F-367E-36E6A7B10783}"
EndProject
Project("{FAE04EC0-301F-11D3-BF4B-00C04F79EFBC}") = "Unity.InternalAPIEngineBridge.001", "Unity.InternalAPIEngineBridge.001.csproj", "{0E60D665-CDDE-291E-9433-71CE84B8A104}"
EndProject
Project("{FAE04EC0-301F-11D3-BF4B-00C04F79EFBC}") = "UnityEditor.TestRunner", "UnityEditor.TestRunner.csproj", "{1E387151-4214-F805-E3F4-0303AAEC21EA}"
EndProject
Project("{FAE04EC0-301F-11D3-BF4B-00C04F79EFBC}") = "Unity.PlasticSCM.Editor", "Unity.PlasticSCM.Editor.csproj", "{0A9E2750-E2E6-62F4-DAA9-2AAF05C1D647}"
EndProject
Project("{FAE04EC0-301F-11D3-BF4B-00C04F79EFBC}") = "UnityEditor.UI", "UnityEditor.UI.csproj", "{0B10A9C4-AC25-D7F0-4757-85BD0D11BCA8}"
EndProject
Project("{FAE04EC0-301F-11D3-BF4B-00C04F79EFBC}") = "Unity.Timeline.Editor", "Unity.Timeline.Editor.csproj", "{4E9F47E7-8283-9971-C7A9-36159637DBD6}"
EndProject
Project("{FAE04EC0-301F-11D3-BF4B-00C04F79EFBC}") = "Unity.VisualStudio.Editor", "Unity.VisualStudio.Editor.csproj", "{AA4DE628-BC1B-FA15-25CC-5AAC437BA84A}"
EndProject
Project("{FAE04EC0-301F-11D3-BF4B-00C04F79EFBC}") = "com.unity.cinemachine.editor", "com.unity.cinemachine.editor.csproj", "{B002D249-3D75-8D00-DF70-100B439B4C89}"
EndProject
Project("{FAE04EC0-301F-11D3-BF4B-00C04F79EFBC}") = "Unity.2D.Psdimporter.Editor", "Unity.2D.Psdimporter.Editor.csproj", "{3A6A7A69-FC7D-79FF-FE5C-8DC2313A729F}"
EndProject
Project("{FAE04EC0-301F-11D3-BF4B-00C04F79EFBC}") = "Unity.2D.Animation.Editor", "Unity.2D.Animation.Editor.csproj", "{2746EA7E-372A-193A-8F4E-F1138C4F456A}"
EndProject
Project("{FAE04EC0-301F-11D3-BF4B-00C04F79EFBC}") = "Unity.TextMeshPro.Editor", "Unity.TextMeshPro.Editor.csproj", "{FE595F41-C1B0-0FCC-2973-A5D041816719}"
EndProject
Project("{FAE04EC0-301F-11D3-BF4B-00C04F79EFBC}") = "Unity.2D.SpriteShape.Editor", "Unity.2D.SpriteShape.Editor.csproj", "{11FA9600-B4EA-3CAC-C6BA-240F645F6F95}"
EndProject
Project("{FAE04EC0-301F-11D3-BF4B-00C04F79EFBC}") = "Unity.CollabProxy.Editor", "Unity.CollabProxy.Editor.csproj", "{EF810F68-0B8F-CCB4-4B5E-32CEBF7275A6}"
EndProject
Project("{FAE04EC0-301F-11D3-BF4B-00C04F79EFBC}") = "PsdPlugin", "PsdPlugin.csproj", "{803EA17C-2EFD-BCC6-FD59-CF496C54E139}"
EndProject
Project("{FAE04EC0-301F-11D3-BF4B-00C04F79EFBC}") = "Unity.2D.Path.Editor", "Unity.2D.Path.Editor.csproj", "{FB8B873E-D3C1-9268-F8AF-F42F9E810AC8}"
EndProject
Project("{FAE04EC0-301F-11D3-BF4B-00C04F79EFBC}") = "Unity.Rider.Editor", "Unity.Rider.Editor.csproj", "{8D0809ED-256E-FCDF-A89A-F747376DB70D}"
EndProject
Project("{FAE04EC0-301F-11D3-BF4B-00C04F79EFBC}") = "Unity.2D.IK.Editor", "Unity.2D.IK.Editor.csproj", "{B2ED4D5A-600C-EB7F-13FA-F3CE4695F19E}"
EndProject
Project("{FAE04EC0-301F-11D3-BF4B-00C04F79EFBC}") = "Unity.2D.Sprite.Editor", "Unity.2D.Sprite.Editor.csproj", "{286E7FA3-60D7-0C66-CEB0-D2832C913870}"
EndProject
Project("{FAE04EC0-301F-11D3-BF4B-00C04F79EFBC}") = "Unity.2D.Tilemap.Editor", "Unity.2D.Tilemap.Editor.csproj", "{E1F923E1-2967-D923-1BFB-D39852089D3B}"
EndProject
Project("{FAE04EC0-301F-11D3-BF4B-00C04F79EFBC}") = "Unity.2D.PixelPerfect.Editor", "Unity.2D.PixelPerfect.Editor.csproj", "{0791528E-B96B-7CA9-7C72-3ABF2631671D}"
EndProject
Project("{FAE04EC0-301F-11D3-BF4B-00C04F79EFBC}") = "Unity.VSCode.Editor", "Unity.VSCode.Editor.csproj", "{A0D4413B-D63E-0DB4-E5A0-E330C8C8BACE}"
EndProject
Project("{FAE04EC0-301F-11D3-BF4B-00C04F79EFBC}") = "Unity.2D.Common.Editor", "Unity.2D.Common.Editor.csproj", "{46F4FC8F-3DAE-3568-27EF-6D889BF4C965}"
EndProject
Project("{FAE04EC0-301F-11D3-BF4B-00C04F79EFBC}") = "Unity.Mathematics.Editor", "Unity.Mathematics.Editor.csproj", "{2D0AC407-BD87-23EE-91BE-146BCD8FD71C}"
EndProject
Project("{FAE04EC0-301F-11D3-BF4B-00C04F79EFBC}") = "Unity.InternalAPIEditorBridge.001", "Unity.InternalAPIEditorBridge.001.csproj", "{2201D36A-6D7D-0F3D-8B3A-BCB6A6B00F74}"
EndProject
Project("{FAE04EC0-301F-11D3-BF4B-00C04F79EFBC}") = "UnityEngine.UI", "UnityEngine.UI.Player.csproj", "{1A8EF674-B790-C1F0-5B5B-8E87AA94455B}"
EndProject
Project("{FAE04EC0-301F-11D3-BF4B-00C04F79EFBC}") = "UnityEngine.TestRunner", "UnityEngine.TestRunner.Player.csproj", "{0084895D-EAF1-3404-097B-B3F5B6018A3F}"
EndProject
Project("{FAE04EC0-301F-11D3-BF4B-00C04F79EFBC}") = "Unity.Mathematics", "Unity.Mathematics.Player.csproj", "{A1181A66-7E42-BF61-CA4C-60A31F3124C5}"
EndProject
Project("{FAE04EC0-301F-11D3-BF4B-00C04F79EFBC}") = "Unity.2D.Animation.Triangle.Runtime", "Unity.2D.Animation.Triangle.Runtime.Player.csproj", "{8AC96634-DBF0-F5C2-D29C-DC4AAF2886C7}"
EndProject
Project("{FAE04EC0-301F-11D3-BF4B-00C04F79EFBC}") = "Unity.Timeline", "Unity.Timeline.Player.csproj", "{21059558-7F77-EE1C-E97F-0EBC999CA33D}"
EndProject
Project("{FAE04EC0-301F-11D3-BF4B-00C04F79EFBC}") = "Cinemachine", "Cinemachine.Player.csproj", "{419E6AFE-5DF7-9767-4223-C372E74A8566}"
EndProject
Project("{FAE04EC0-301F-11D3-BF4B-00C04F79EFBC}") = "Unity.TextMeshPro", "Unity.TextMeshPro.Player.csproj", "{A943D560-638B-3A38-A574-D1EBB6172A4A}"
EndProject
Project("{FAE04EC0-301F-11D3-BF4B-00C04F79EFBC}") = "Unity.2D.Animation.Runtime", "Unity.2D.Animation.Runtime.Player.csproj", "{EBC7FE41-60E0-9DDD-75BF-3CCE57CE08CB}"
EndProject
Project("{FAE04EC0-301F-11D3-BF4B-00C04F79EFBC}") = "Assembly-CSharp", "Assembly-CSharp.Player.csproj", "{080A3590-C277-D5EB-61AB-37E4AFA88052}"
EndProject
Project("{FAE04EC0-301F-11D3-BF4B-00C04F79EFBC}") = "Unity.2D.IK.Runtime", "Unity.2D.IK.Runtime.Player.csproj", "{A5A31DE2-95E0-294C-4837-C308695B94B9}"
EndProject
Project("{FAE04EC0-301F-11D3-BF4B-00C04F79EFBC}") = "Unity.2D.SpriteShape.Runtime", "Unity.2D.SpriteShape.Runtime.Player.csproj", "{9C3BBC7C-364F-C35E-F78C-AE0658161263}"
EndProject
Project("{FAE04EC0-301F-11D3-BF4B-00C04F79EFBC}") = "Unity.2D.PixelPerfect", "Unity.2D.PixelPerfect.Player.csproj", "{208CAA1F-793D-9C71-8B5F-0166AC4CF854}"
EndProject
Project("{FAE04EC0-301F-11D3-BF4B-00C04F79EFBC}") = "Unity.2D.Common.Runtime", "Unity.2D.Common.Runtime.Player.csproj", "{94590E51-ECD4-0759-6C40-9C2223F899E7}"
EndProject
Project("{FAE04EC0-301F-11D3-BF4B-00C04F79EFBC}") = "Unity.InternalAPIEngineBridge.001", "Unity.InternalAPIEngineBridge.001.Player.csproj", "{29A6EA3C-D952-EC23-7213-43A6CCABF049}"
EndProject
Global
	GlobalSection(SolutionConfigurationPlatforms) = preSolution
		Debug|Any CPU = Debug|Any CPU
		Release|Any CPU = Release|Any CPU
	EndGlobalSection
	GlobalSection(ProjectConfigurationPlatforms) = postSolution
		{37B958B7-6A6B-1DAE-46D2-FD9F07AEADE3}.Debug|Any CPU.ActiveCfg = Debug|Any CPU
		{37B958B7-6A6B-1DAE-46D2-FD9F07AEADE3}.Debug|Any CPU.Build.0 = Debug|Any CPU
		{37B958B7-6A6B-1DAE-46D2-FD9F07AEADE3}.Release|Any CPU.ActiveCfg = Release|Any CPU
		{37B958B7-6A6B-1DAE-46D2-FD9F07AEADE3}.Release|Any CPU.Build.0 = Release|Any CPU
		{5D5BEAC6-6BFF-2311-8B6D-92A0B68B7568}.Debug|Any CPU.ActiveCfg = Debug|Any CPU
		{5D5BEAC6-6BFF-2311-8B6D-92A0B68B7568}.Debug|Any CPU.Build.0 = Debug|Any CPU
		{5D5BEAC6-6BFF-2311-8B6D-92A0B68B7568}.Release|Any CPU.ActiveCfg = Release|Any CPU
		{5D5BEAC6-6BFF-2311-8B6D-92A0B68B7568}.Release|Any CPU.Build.0 = Release|Any CPU
		{A9973777-E5E9-317A-9939-15C17431FD60}.Debug|Any CPU.ActiveCfg = Debug|Any CPU
		{A9973777-E5E9-317A-9939-15C17431FD60}.Debug|Any CPU.Build.0 = Debug|Any CPU
		{A9973777-E5E9-317A-9939-15C17431FD60}.Release|Any CPU.ActiveCfg = Release|Any CPU
		{A9973777-E5E9-317A-9939-15C17431FD60}.Release|Any CPU.Build.0 = Release|Any CPU
		{BE8C80AD-4EC7-EABE-2931-156709D8468C}.Debug|Any CPU.ActiveCfg = Debug|Any CPU
		{BE8C80AD-4EC7-EABE-2931-156709D8468C}.Debug|Any CPU.Build.0 = Debug|Any CPU
		{BE8C80AD-4EC7-EABE-2931-156709D8468C}.Release|Any CPU.ActiveCfg = Release|Any CPU
		{BE8C80AD-4EC7-EABE-2931-156709D8468C}.Release|Any CPU.Build.0 = Release|Any CPU
		{BF6DC58B-8940-A582-EF01-3BF843846BB0}.Debug|Any CPU.ActiveCfg = Debug|Any CPU
		{BF6DC58B-8940-A582-EF01-3BF843846BB0}.Debug|Any CPU.Build.0 = Debug|Any CPU
		{BF6DC58B-8940-A582-EF01-3BF843846BB0}.Release|Any CPU.ActiveCfg = Release|Any CPU
		{BF6DC58B-8940-A582-EF01-3BF843846BB0}.Release|Any CPU.Build.0 = Release|Any CPU
		{376DF14C-EF02-9829-EBBE-011B3F7AB3FF}.Debug|Any CPU.ActiveCfg = Debug|Any CPU
		{376DF14C-EF02-9829-EBBE-011B3F7AB3FF}.Debug|Any CPU.Build.0 = Debug|Any CPU
		{376DF14C-EF02-9829-EBBE-011B3F7AB3FF}.Release|Any CPU.ActiveCfg = Release|Any CPU
		{376DF14C-EF02-9829-EBBE-011B3F7AB3FF}.Release|Any CPU.Build.0 = Release|Any CPU
		{2811319E-4204-A978-B850-A65C5A0EC3D7}.Debug|Any CPU.ActiveCfg = Debug|Any CPU
		{2811319E-4204-A978-B850-A65C5A0EC3D7}.Debug|Any CPU.Build.0 = Debug|Any CPU
		{2811319E-4204-A978-B850-A65C5A0EC3D7}.Release|Any CPU.ActiveCfg = Release|Any CPU
		{2811319E-4204-A978-B850-A65C5A0EC3D7}.Release|Any CPU.Build.0 = Release|Any CPU
		{98BAF605-56C5-85E2-AE68-017F7F951C2D}.Debug|Any CPU.ActiveCfg = Debug|Any CPU
		{98BAF605-56C5-85E2-AE68-017F7F951C2D}.Debug|Any CPU.Build.0 = Debug|Any CPU
		{98BAF605-56C5-85E2-AE68-017F7F951C2D}.Release|Any CPU.ActiveCfg = Release|Any CPU
		{98BAF605-56C5-85E2-AE68-017F7F951C2D}.Release|Any CPU.Build.0 = Release|Any CPU
		{05A4E7E8-3B49-606D-5ABB-207B603E5081}.Debug|Any CPU.ActiveCfg = Debug|Any CPU
		{05A4E7E8-3B49-606D-5ABB-207B603E5081}.Debug|Any CPU.Build.0 = Debug|Any CPU
		{05A4E7E8-3B49-606D-5ABB-207B603E5081}.Release|Any CPU.ActiveCfg = Release|Any CPU
		{05A4E7E8-3B49-606D-5ABB-207B603E5081}.Release|Any CPU.Build.0 = Release|Any CPU
		{AA2B9880-E6BE-8845-BFF1-2D8C166CA1F5}.Debug|Any CPU.ActiveCfg = Debug|Any CPU
		{AA2B9880-E6BE-8845-BFF1-2D8C166CA1F5}.Debug|Any CPU.Build.0 = Debug|Any CPU
		{AA2B9880-E6BE-8845-BFF1-2D8C166CA1F5}.Release|Any CPU.ActiveCfg = Release|Any CPU
		{AA2B9880-E6BE-8845-BFF1-2D8C166CA1F5}.Release|Any CPU.Build.0 = Release|Any CPU
		{DDF2ABEB-D7DA-AD20-CF9F-281E21C90689}.Debug|Any CPU.ActiveCfg = Debug|Any CPU
		{DDF2ABEB-D7DA-AD20-CF9F-281E21C90689}.Debug|Any CPU.Build.0 = Debug|Any CPU
		{DDF2ABEB-D7DA-AD20-CF9F-281E21C90689}.Release|Any CPU.ActiveCfg = Release|Any CPU
		{DDF2ABEB-D7DA-AD20-CF9F-281E21C90689}.Release|Any CPU.Build.0 = Release|Any CPU
		{9CD2F919-93C3-1311-76A6-61FC55AABC09}.Debug|Any CPU.ActiveCfg = Debug|Any CPU
		{9CD2F919-93C3-1311-76A6-61FC55AABC09}.Debug|Any CPU.Build.0 = Debug|Any CPU
		{9CD2F919-93C3-1311-76A6-61FC55AABC09}.Release|Any CPU.ActiveCfg = Release|Any CPU
		{9CD2F919-93C3-1311-76A6-61FC55AABC09}.Release|Any CPU.Build.0 = Release|Any CPU
		{42D99362-3193-A58F-367E-36E6A7B10783}.Debug|Any CPU.ActiveCfg = Debug|Any CPU
		{42D99362-3193-A58F-367E-36E6A7B10783}.Debug|Any CPU.Build.0 = Debug|Any CPU
		{42D99362-3193-A58F-367E-36E6A7B10783}.Release|Any CPU.ActiveCfg = Release|Any CPU
		{42D99362-3193-A58F-367E-36E6A7B10783}.Release|Any CPU.Build.0 = Release|Any CPU
		{0E60D665-CDDE-291E-9433-71CE84B8A104}.Debug|Any CPU.ActiveCfg = Debug|Any CPU
		{0E60D665-CDDE-291E-9433-71CE84B8A104}.Debug|Any CPU.Build.0 = Debug|Any CPU
		{0E60D665-CDDE-291E-9433-71CE84B8A104}.Release|Any CPU.ActiveCfg = Release|Any CPU
		{0E60D665-CDDE-291E-9433-71CE84B8A104}.Release|Any CPU.Build.0 = Release|Any CPU
		{1E387151-4214-F805-E3F4-0303AAEC21EA}.Debug|Any CPU.ActiveCfg = Debug|Any CPU
		{1E387151-4214-F805-E3F4-0303AAEC21EA}.Debug|Any CPU.Build.0 = Debug|Any CPU
		{1E387151-4214-F805-E3F4-0303AAEC21EA}.Release|Any CPU.ActiveCfg = Release|Any CPU
		{1E387151-4214-F805-E3F4-0303AAEC21EA}.Release|Any CPU.Build.0 = Release|Any CPU
		{0A9E2750-E2E6-62F4-DAA9-2AAF05C1D647}.Debug|Any CPU.ActiveCfg = Debug|Any CPU
		{0A9E2750-E2E6-62F4-DAA9-2AAF05C1D647}.Debug|Any CPU.Build.0 = Debug|Any CPU
		{0A9E2750-E2E6-62F4-DAA9-2AAF05C1D647}.Release|Any CPU.ActiveCfg = Release|Any CPU
		{0A9E2750-E2E6-62F4-DAA9-2AAF05C1D647}.Release|Any CPU.Build.0 = Release|Any CPU
		{0B10A9C4-AC25-D7F0-4757-85BD0D11BCA8}.Debug|Any CPU.ActiveCfg = Debug|Any CPU
		{0B10A9C4-AC25-D7F0-4757-85BD0D11BCA8}.Debug|Any CPU.Build.0 = Debug|Any CPU
		{0B10A9C4-AC25-D7F0-4757-85BD0D11BCA8}.Release|Any CPU.ActiveCfg = Release|Any CPU
		{0B10A9C4-AC25-D7F0-4757-85BD0D11BCA8}.Release|Any CPU.Build.0 = Release|Any CPU
		{4E9F47E7-8283-9971-C7A9-36159637DBD6}.Debug|Any CPU.ActiveCfg = Debug|Any CPU
		{4E9F47E7-8283-9971-C7A9-36159637DBD6}.Debug|Any CPU.Build.0 = Debug|Any CPU
		{4E9F47E7-8283-9971-C7A9-36159637DBD6}.Release|Any CPU.ActiveCfg = Release|Any CPU
		{4E9F47E7-8283-9971-C7A9-36159637DBD6}.Release|Any CPU.Build.0 = Release|Any CPU
		{AA4DE628-BC1B-FA15-25CC-5AAC437BA84A}.Debug|Any CPU.ActiveCfg = Debug|Any CPU
		{AA4DE628-BC1B-FA15-25CC-5AAC437BA84A}.Debug|Any CPU.Build.0 = Debug|Any CPU
		{AA4DE628-BC1B-FA15-25CC-5AAC437BA84A}.Release|Any CPU.ActiveCfg = Release|Any CPU
		{AA4DE628-BC1B-FA15-25CC-5AAC437BA84A}.Release|Any CPU.Build.0 = Release|Any CPU
		{B002D249-3D75-8D00-DF70-100B439B4C89}.Debug|Any CPU.ActiveCfg = Debug|Any CPU
		{B002D249-3D75-8D00-DF70-100B439B4C89}.Debug|Any CPU.Build.0 = Debug|Any CPU
		{B002D249-3D75-8D00-DF70-100B439B4C89}.Release|Any CPU.ActiveCfg = Release|Any CPU
		{B002D249-3D75-8D00-DF70-100B439B4C89}.Release|Any CPU.Build.0 = Release|Any CPU
		{3A6A7A69-FC7D-79FF-FE5C-8DC2313A729F}.Debug|Any CPU.ActiveCfg = Debug|Any CPU
		{3A6A7A69-FC7D-79FF-FE5C-8DC2313A729F}.Debug|Any CPU.Build.0 = Debug|Any CPU
		{3A6A7A69-FC7D-79FF-FE5C-8DC2313A729F}.Release|Any CPU.ActiveCfg = Release|Any CPU
		{3A6A7A69-FC7D-79FF-FE5C-8DC2313A729F}.Release|Any CPU.Build.0 = Release|Any CPU
		{2746EA7E-372A-193A-8F4E-F1138C4F456A}.Debug|Any CPU.ActiveCfg = Debug|Any CPU
		{2746EA7E-372A-193A-8F4E-F1138C4F456A}.Debug|Any CPU.Build.0 = Debug|Any CPU
		{2746EA7E-372A-193A-8F4E-F1138C4F456A}.Release|Any CPU.ActiveCfg = Release|Any CPU
		{2746EA7E-372A-193A-8F4E-F1138C4F456A}.Release|Any CPU.Build.0 = Release|Any CPU
		{FE595F41-C1B0-0FCC-2973-A5D041816719}.Debug|Any CPU.ActiveCfg = Debug|Any CPU
		{FE595F41-C1B0-0FCC-2973-A5D041816719}.Debug|Any CPU.Build.0 = Debug|Any CPU
		{FE595F41-C1B0-0FCC-2973-A5D041816719}.Release|Any CPU.ActiveCfg = Release|Any CPU
		{FE595F41-C1B0-0FCC-2973-A5D041816719}.Release|Any CPU.Build.0 = Release|Any CPU
		{11FA9600-B4EA-3CAC-C6BA-240F645F6F95}.Debug|Any CPU.ActiveCfg = Debug|Any CPU
		{11FA9600-B4EA-3CAC-C6BA-240F645F6F95}.Debug|Any CPU.Build.0 = Debug|Any CPU
		{11FA9600-B4EA-3CAC-C6BA-240F645F6F95}.Release|Any CPU.ActiveCfg = Release|Any CPU
		{11FA9600-B4EA-3CAC-C6BA-240F645F6F95}.Release|Any CPU.Build.0 = Release|Any CPU
		{EF810F68-0B8F-CCB4-4B5E-32CEBF7275A6}.Debug|Any CPU.ActiveCfg = Debug|Any CPU
		{EF810F68-0B8F-CCB4-4B5E-32CEBF7275A6}.Debug|Any CPU.Build.0 = Debug|Any CPU
		{EF810F68-0B8F-CCB4-4B5E-32CEBF7275A6}.Release|Any CPU.ActiveCfg = Release|Any CPU
		{EF810F68-0B8F-CCB4-4B5E-32CEBF7275A6}.Release|Any CPU.Build.0 = Release|Any CPU
		{803EA17C-2EFD-BCC6-FD59-CF496C54E139}.Debug|Any CPU.ActiveCfg = Debug|Any CPU
		{803EA17C-2EFD-BCC6-FD59-CF496C54E139}.Debug|Any CPU.Build.0 = Debug|Any CPU
		{803EA17C-2EFD-BCC6-FD59-CF496C54E139}.Release|Any CPU.ActiveCfg = Release|Any CPU
		{803EA17C-2EFD-BCC6-FD59-CF496C54E139}.Release|Any CPU.Build.0 = Release|Any CPU
		{FB8B873E-D3C1-9268-F8AF-F42F9E810AC8}.Debug|Any CPU.ActiveCfg = Debug|Any CPU
		{FB8B873E-D3C1-9268-F8AF-F42F9E810AC8}.Debug|Any CPU.Build.0 = Debug|Any CPU
		{FB8B873E-D3C1-9268-F8AF-F42F9E810AC8}.Release|Any CPU.ActiveCfg = Release|Any CPU
		{FB8B873E-D3C1-9268-F8AF-F42F9E810AC8}.Release|Any CPU.Build.0 = Release|Any CPU
		{8D0809ED-256E-FCDF-A89A-F747376DB70D}.Debug|Any CPU.ActiveCfg = Debug|Any CPU
		{8D0809ED-256E-FCDF-A89A-F747376DB70D}.Debug|Any CPU.Build.0 = Debug|Any CPU
		{8D0809ED-256E-FCDF-A89A-F747376DB70D}.Release|Any CPU.ActiveCfg = Release|Any CPU
		{8D0809ED-256E-FCDF-A89A-F747376DB70D}.Release|Any CPU.Build.0 = Release|Any CPU
		{B2ED4D5A-600C-EB7F-13FA-F3CE4695F19E}.Debug|Any CPU.ActiveCfg = Debug|Any CPU
		{B2ED4D5A-600C-EB7F-13FA-F3CE4695F19E}.Debug|Any CPU.Build.0 = Debug|Any CPU
		{B2ED4D5A-600C-EB7F-13FA-F3CE4695F19E}.Release|Any CPU.ActiveCfg = Release|Any CPU
		{B2ED4D5A-600C-EB7F-13FA-F3CE4695F19E}.Release|Any CPU.Build.0 = Release|Any CPU
		{286E7FA3-60D7-0C66-CEB0-D2832C913870}.Debug|Any CPU.ActiveCfg = Debug|Any CPU
		{286E7FA3-60D7-0C66-CEB0-D2832C913870}.Debug|Any CPU.Build.0 = Debug|Any CPU
		{286E7FA3-60D7-0C66-CEB0-D2832C913870}.Release|Any CPU.ActiveCfg = Release|Any CPU
		{286E7FA3-60D7-0C66-CEB0-D2832C913870}.Release|Any CPU.Build.0 = Release|Any CPU
		{E1F923E1-2967-D923-1BFB-D39852089D3B}.Debug|Any CPU.ActiveCfg = Debug|Any CPU
		{E1F923E1-2967-D923-1BFB-D39852089D3B}.Debug|Any CPU.Build.0 = Debug|Any CPU
		{E1F923E1-2967-D923-1BFB-D39852089D3B}.Release|Any CPU.ActiveCfg = Release|Any CPU
		{E1F923E1-2967-D923-1BFB-D39852089D3B}.Release|Any CPU.Build.0 = Release|Any CPU
		{0791528E-B96B-7CA9-7C72-3ABF2631671D}.Debug|Any CPU.ActiveCfg = Debug|Any CPU
		{0791528E-B96B-7CA9-7C72-3ABF2631671D}.Debug|Any CPU.Build.0 = Debug|Any CPU
		{0791528E-B96B-7CA9-7C72-3ABF2631671D}.Release|Any CPU.ActiveCfg = Release|Any CPU
		{0791528E-B96B-7CA9-7C72-3ABF2631671D}.Release|Any CPU.Build.0 = Release|Any CPU
		{A0D4413B-D63E-0DB4-E5A0-E330C8C8BACE}.Debug|Any CPU.ActiveCfg = Debug|Any CPU
		{A0D4413B-D63E-0DB4-E5A0-E330C8C8BACE}.Debug|Any CPU.Build.0 = Debug|Any CPU
		{A0D4413B-D63E-0DB4-E5A0-E330C8C8BACE}.Release|Any CPU.ActiveCfg = Release|Any CPU
		{A0D4413B-D63E-0DB4-E5A0-E330C8C8BACE}.Release|Any CPU.Build.0 = Release|Any CPU
		{46F4FC8F-3DAE-3568-27EF-6D889BF4C965}.Debug|Any CPU.ActiveCfg = Debug|Any CPU
		{46F4FC8F-3DAE-3568-27EF-6D889BF4C965}.Debug|Any CPU.Build.0 = Debug|Any CPU
		{46F4FC8F-3DAE-3568-27EF-6D889BF4C965}.Release|Any CPU.ActiveCfg = Release|Any CPU
		{46F4FC8F-3DAE-3568-27EF-6D889BF4C965}.Release|Any CPU.Build.0 = Release|Any CPU
		{2D0AC407-BD87-23EE-91BE-146BCD8FD71C}.Debug|Any CPU.ActiveCfg = Debug|Any CPU
		{2D0AC407-BD87-23EE-91BE-146BCD8FD71C}.Debug|Any CPU.Build.0 = Debug|Any CPU
		{2D0AC407-BD87-23EE-91BE-146BCD8FD71C}.Release|Any CPU.ActiveCfg = Release|Any CPU
		{2D0AC407-BD87-23EE-91BE-146BCD8FD71C}.Release|Any CPU.Build.0 = Release|Any CPU
		{2201D36A-6D7D-0F3D-8B3A-BCB6A6B00F74}.Debug|Any CPU.ActiveCfg = Debug|Any CPU
		{2201D36A-6D7D-0F3D-8B3A-BCB6A6B00F74}.Debug|Any CPU.Build.0 = Debug|Any CPU
		{2201D36A-6D7D-0F3D-8B3A-BCB6A6B00F74}.Release|Any CPU.ActiveCfg = Release|Any CPU
		{2201D36A-6D7D-0F3D-8B3A-BCB6A6B00F74}.Release|Any CPU.Build.0 = Release|Any CPU
		{1A8EF674-B790-C1F0-5B5B-8E87AA94455B}.Debug|Any CPU.ActiveCfg = Debug|Any CPU
		{1A8EF674-B790-C1F0-5B5B-8E87AA94455B}.Debug|Any CPU.Build.0 = Debug|Any CPU
		{1A8EF674-B790-C1F0-5B5B-8E87AA94455B}.Release|Any CPU.ActiveCfg = Release|Any CPU
		{1A8EF674-B790-C1F0-5B5B-8E87AA94455B}.Release|Any CPU.Build.0 = Release|Any CPU
		{0084895D-EAF1-3404-097B-B3F5B6018A3F}.Debug|Any CPU.ActiveCfg = Debug|Any CPU
		{0084895D-EAF1-3404-097B-B3F5B6018A3F}.Debug|Any CPU.Build.0 = Debug|Any CPU
		{0084895D-EAF1-3404-097B-B3F5B6018A3F}.Release|Any CPU.ActiveCfg = Release|Any CPU
		{0084895D-EAF1-3404-097B-B3F5B6018A3F}.Release|Any CPU.Build.0 = Release|Any CPU
		{A1181A66-7E42-BF61-CA4C-60A31F3124C5}.Debug|Any CPU.ActiveCfg = Debug|Any CPU
		{A1181A66-7E42-BF61-CA4C-60A31F3124C5}.Debug|Any CPU.Build.0 = Debug|Any CPU
		{A1181A66-7E42-BF61-CA4C-60A31F3124C5}.Release|Any CPU.ActiveCfg = Release|Any CPU
		{A1181A66-7E42-BF61-CA4C-60A31F3124C5}.Release|Any CPU.Build.0 = Release|Any CPU
		{8AC96634-DBF0-F5C2-D29C-DC4AAF2886C7}.Debug|Any CPU.ActiveCfg = Debug|Any CPU
		{8AC96634-DBF0-F5C2-D29C-DC4AAF2886C7}.Debug|Any CPU.Build.0 = Debug|Any CPU
		{8AC96634-DBF0-F5C2-D29C-DC4AAF2886C7}.Release|Any CPU.ActiveCfg = Release|Any CPU
		{8AC96634-DBF0-F5C2-D29C-DC4AAF2886C7}.Release|Any CPU.Build.0 = Release|Any CPU
		{21059558-7F77-EE1C-E97F-0EBC999CA33D}.Debug|Any CPU.ActiveCfg = Debug|Any CPU
		{21059558-7F77-EE1C-E97F-0EBC999CA33D}.Debug|Any CPU.Build.0 = Debug|Any CPU
		{21059558-7F77-EE1C-E97F-0EBC999CA33D}.Release|Any CPU.ActiveCfg = Release|Any CPU
		{21059558-7F77-EE1C-E97F-0EBC999CA33D}.Release|Any CPU.Build.0 = Release|Any CPU
		{419E6AFE-5DF7-9767-4223-C372E74A8566}.Debug|Any CPU.ActiveCfg = Debug|Any CPU
		{419E6AFE-5DF7-9767-4223-C372E74A8566}.Debug|Any CPU.Build.0 = Debug|Any CPU
		{419E6AFE-5DF7-9767-4223-C372E74A8566}.Release|Any CPU.ActiveCfg = Release|Any CPU
		{419E6AFE-5DF7-9767-4223-C372E74A8566}.Release|Any CPU.Build.0 = Release|Any CPU
		{A943D560-638B-3A38-A574-D1EBB6172A4A}.Debug|Any CPU.ActiveCfg = Debug|Any CPU
		{A943D560-638B-3A38-A574-D1EBB6172A4A}.Debug|Any CPU.Build.0 = Debug|Any CPU
		{A943D560-638B-3A38-A574-D1EBB6172A4A}.Release|Any CPU.ActiveCfg = Release|Any CPU
		{A943D560-638B-3A38-A574-D1EBB6172A4A}.Release|Any CPU.Build.0 = Release|Any CPU
		{EBC7FE41-60E0-9DDD-75BF-3CCE57CE08CB}.Debug|Any CPU.ActiveCfg = Debug|Any CPU
		{EBC7FE41-60E0-9DDD-75BF-3CCE57CE08CB}.Debug|Any CPU.Build.0 = Debug|Any CPU
		{EBC7FE41-60E0-9DDD-75BF-3CCE57CE08CB}.Release|Any CPU.ActiveCfg = Release|Any CPU
		{EBC7FE41-60E0-9DDD-75BF-3CCE57CE08CB}.Release|Any CPU.Build.0 = Release|Any CPU
		{080A3590-C277-D5EB-61AB-37E4AFA88052}.Debug|Any CPU.ActiveCfg = Debug|Any CPU
		{080A3590-C277-D5EB-61AB-37E4AFA88052}.Debug|Any CPU.Build.0 = Debug|Any CPU
		{080A3590-C277-D5EB-61AB-37E4AFA88052}.Release|Any CPU.ActiveCfg = Release|Any CPU
		{080A3590-C277-D5EB-61AB-37E4AFA88052}.Release|Any CPU.Build.0 = Release|Any CPU
		{A5A31DE2-95E0-294C-4837-C308695B94B9}.Debug|Any CPU.ActiveCfg = Debug|Any CPU
		{A5A31DE2-95E0-294C-4837-C308695B94B9}.Debug|Any CPU.Build.0 = Debug|Any CPU
		{A5A31DE2-95E0-294C-4837-C308695B94B9}.Release|Any CPU.ActiveCfg = Release|Any CPU
		{A5A31DE2-95E0-294C-4837-C308695B94B9}.Release|Any CPU.Build.0 = Release|Any CPU
		{9C3BBC7C-364F-C35E-F78C-AE0658161263}.Debug|Any CPU.ActiveCfg = Debug|Any CPU
		{9C3BBC7C-364F-C35E-F78C-AE0658161263}.Debug|Any CPU.Build.0 = Debug|Any CPU
		{9C3BBC7C-364F-C35E-F78C-AE0658161263}.Release|Any CPU.ActiveCfg = Release|Any CPU
		{9C3BBC7C-364F-C35E-F78C-AE0658161263}.Release|Any CPU.Build.0 = Release|Any CPU
		{208CAA1F-793D-9C71-8B5F-0166AC4CF854}.Debug|Any CPU.ActiveCfg = Debug|Any CPU
		{208CAA1F-793D-9C71-8B5F-0166AC4CF854}.Debug|Any CPU.Build.0 = Debug|Any CPU
		{208CAA1F-793D-9C71-8B5F-0166AC4CF854}.Release|Any CPU.ActiveCfg = Release|Any CPU
		{208CAA1F-793D-9C71-8B5F-0166AC4CF854}.Release|Any CPU.Build.0 = Release|Any CPU
		{94590E51-ECD4-0759-6C40-9C2223F899E7}.Debug|Any CPU.ActiveCfg = Debug|Any CPU
		{94590E51-ECD4-0759-6C40-9C2223F899E7}.Debug|Any CPU.Build.0 = Debug|Any CPU
		{94590E51-ECD4-0759-6C40-9C2223F899E7}.Release|Any CPU.ActiveCfg = Release|Any CPU
		{94590E51-ECD4-0759-6C40-9C2223F899E7}.Release|Any CPU.Build.0 = Release|Any CPU
		{29A6EA3C-D952-EC23-7213-43A6CCABF049}.Debug|Any CPU.ActiveCfg = Debug|Any CPU
		{29A6EA3C-D952-EC23-7213-43A6CCABF049}.Debug|Any CPU.Build.0 = Debug|Any CPU
		{29A6EA3C-D952-EC23-7213-43A6CCABF049}.Release|Any CPU.ActiveCfg = Release|Any CPU
		{29A6EA3C-D952-EC23-7213-43A6CCABF049}.Release|Any CPU.Build.0 = Release|Any CPU
	EndGlobalSection
	GlobalSection(SolutionProperties) = preSolution
		HideSolutionNode = FALSE
	EndGlobalSection
EndGlobal
